// !$*UTF8*$!
{
	archiveVersion = 1;
	classes = {
	};
	objectVersion = 46;
	objects = {

/* Begin PBXBuildFile section */
		DD22F8DC1E76679E004CB5D0 /* ShadowViewController.swift in Sources */ = {isa = PBXBuildFile; fileRef = DD22F8DB1E76679E004CB5D0 /* ShadowViewController.swift */; };
		DD22F9231E77CF7B004CB5D0 /* TableViewCell.swift in Sources */ = {isa = PBXBuildFile; fileRef = DD22F9221E77CF7B004CB5D0 /* TableViewCell.swift */; };
		DD22F9E01E7BF1FD004CB5D0 /* HeaderTableViewCell.swift in Sources */ = {isa = PBXBuildFile; fileRef = DD22F9DF1E7BF1FD004CB5D0 /* HeaderTableViewCell.swift */; };
		DD22F9EB1E815385004CB5D0 /* popup.xib in Resources */ = {isa = PBXBuildFile; fileRef = DD22F9EA1E815385004CB5D0 /* popup.xib */; };
		DD22F9EF1E815A07004CB5D0 /* PopUp.swift in Sources */ = {isa = PBXBuildFile; fileRef = DD22F9EE1E815A07004CB5D0 /* PopUp.swift */; };
		DDB237301ED2DADB0054F8ED /* SetJson.swift in Sources */ = {isa = PBXBuildFile; fileRef = DDB2372F1ED2DADB0054F8ED /* SetJson.swift */; };
		DDB237321ED2DAEE0054F8ED /* testViewController.swift in Sources */ = {isa = PBXBuildFile; fileRef = DDB237311ED2DAEE0054F8ED /* testViewController.swift */; };
		DDD29D1D1E715CC80034200B /* ModelClass.swift in Sources */ = {isa = PBXBuildFile; fileRef = DDD29D1C1E715CC80034200B /* ModelClass.swift */; };
		DDD29D3D1E71B8050034200B /* NewViewController.swift in Sources */ = {isa = PBXBuildFile; fileRef = DDD29D3C1E71B8050034200B /* NewViewController.swift */; };
		DDED97781E7123A100F7F889 /* AppDelegate.swift in Sources */ = {isa = PBXBuildFile; fileRef = DDED97771E7123A100F7F889 /* AppDelegate.swift */; };
		DDED977A1E7123A100F7F889 /* ViewController.swift in Sources */ = {isa = PBXBuildFile; fileRef = DDED97791E7123A100F7F889 /* ViewController.swift */; };
		DDED977D1E7123A100F7F889 /* Main.storyboard in Resources */ = {isa = PBXBuildFile; fileRef = DDED977B1E7123A100F7F889 /* Main.storyboard */; };
		DDED977F1E7123A100F7F889 /* Assets.xcassets in Resources */ = {isa = PBXBuildFile; fileRef = DDED977E1E7123A100F7F889 /* Assets.xcassets */; };
		DDED97821E7123A100F7F889 /* LaunchScreen.storyboard in Resources */ = {isa = PBXBuildFile; fileRef = DDED97801E7123A100F7F889 /* LaunchScreen.storyboard */; };
		DDED978D1E7123A100F7F889 /* ZoomingAnimationTests.swift in Sources */ = {isa = PBXBuildFile; fileRef = DDED978C1E7123A100F7F889 /* ZoomingAnimationTests.swift */; };
		DDED97981E7123A100F7F889 /* ZoomingAnimationUITests.swift in Sources */ = {isa = PBXBuildFile; fileRef = DDED97971E7123A100F7F889 /* ZoomingAnimationUITests.swift */; };
/* End PBXBuildFile section */

/* Begin PBXContainerItemProxy section */
		DDED97891E7123A100F7F889 /* PBXContainerItemProxy */ = {
			isa = PBXContainerItemProxy;
			containerPortal = DDED976C1E7123A000F7F889 /* Project object */;
			proxyType = 1;
			remoteGlobalIDString = DDED97731E7123A000F7F889;
			remoteInfo = ZoomingAnimation;
		};
		DDED97941E7123A100F7F889 /* PBXContainerItemProxy */ = {
			isa = PBXContainerItemProxy;
			containerPortal = DDED976C1E7123A000F7F889 /* Project object */;
			proxyType = 1;
			remoteGlobalIDString = DDED97731E7123A000F7F889;
			remoteInfo = ZoomingAnimation;
		};
/* End PBXContainerItemProxy section */

/* Begin PBXFileReference section */
		3BB38FF39D2B518CDD5276D2 /* Pods-ZoomingAnimationTests.release.xcconfig */ = {isa = PBXFileReference; includeInIndex = 1; lastKnownFileType = text.xcconfig; name = "Pods-ZoomingAnimationTests.release.xcconfig"; path = "Pods/Target Support Files/Pods-ZoomingAnimationTests/Pods-ZoomingAnimationTests.release.xcconfig"; sourceTree = "<group>"; };
		6355EB9552CFDF6E52BB4784 /* Pods-ZoomingAnimationTests.debug.xcconfig */ = {isa = PBXFileReference; includeInIndex = 1; lastKnownFileType = text.xcconfig; name = "Pods-ZoomingAnimationTests.debug.xcconfig"; path = "Pods/Target Support Files/Pods-ZoomingAnimationTests/Pods-ZoomingAnimationTests.debug.xcconfig"; sourceTree = "<group>"; };
		9E2814395502A70EC221BACE /* Pods-ZoomingAnimationUITests.debug.xcconfig */ = {isa = PBXFileReference; includeInIndex = 1; lastKnownFileType = text.xcconfig; name = "Pods-ZoomingAnimationUITests.debug.xcconfig"; path = "Pods/Target Support Files/Pods-ZoomingAnimationUITests/Pods-ZoomingAnimationUITests.debug.xcconfig"; sourceTree = "<group>"; };
		A486F7EDE8C5018A42880655 /* Pods-ZoomingAnimationUITests.release.xcconfig */ = {isa = PBXFileReference; includeInIndex = 1; lastKnownFileType = text.xcconfig; name = "Pods-ZoomingAnimationUITests.release.xcconfig"; path = "Pods/Target Support Files/Pods-ZoomingAnimationUITests/Pods-ZoomingAnimationUITests.release.xcconfig"; sourceTree = "<group>"; };
		DD22F8DB1E76679E004CB5D0 /* ShadowViewController.swift */ = {isa = PBXFileReference; fileEncoding = 4; lastKnownFileType = sourcecode.swift; path = ShadowViewController.swift; sourceTree = "<group>"; };
		DD22F9221E77CF7B004CB5D0 /* TableViewCell.swift */ = {isa = PBXFileReference; fileEncoding = 4; lastKnownFileType = sourcecode.swift; path = TableViewCell.swift; sourceTree = "<group>"; };
		DD22F9DF1E7BF1FD004CB5D0 /* HeaderTableViewCell.swift */ = {isa = PBXFileReference; fileEncoding = 4; lastKnownFileType = sourcecode.swift; path = HeaderTableViewCell.swift; sourceTree = "<group>"; };
		DD22F9EA1E815385004CB5D0 /* popup.xib */ = {isa = PBXFileReference; fileEncoding = 4; lastKnownFileType = file.xib; path = popup.xib; sourceTree = "<group>"; };
		DD22F9EE1E815A07004CB5D0 /* PopUp.swift */ = {isa = PBXFileReference; fileEncoding = 4; lastKnownFileType = sourcecode.swift; path = PopUp.swift; sourceTree = "<group>"; };
		DDB2372F1ED2DADB0054F8ED /* SetJson.swift */ = {isa = PBXFileReference; fileEncoding = 4; lastKnownFileType = sourcecode.swift; path = SetJson.swift; sourceTree = "<group>"; };
		DDB237311ED2DAEE0054F8ED /* testViewController.swift */ = {isa = PBXFileReference; fileEncoding = 4; lastKnownFileType = sourcecode.swift; path = testViewController.swift; sourceTree = "<group>"; };
		DDD29D1C1E715CC80034200B /* ModelClass.swift */ = {isa = PBXFileReference; fileEncoding = 4; lastKnownFileType = sourcecode.swift; path = ModelClass.swift; sourceTree = "<group>"; };
		DDD29D3C1E71B8050034200B /* NewViewController.swift */ = {isa = PBXFileReference; fileEncoding = 4; lastKnownFileType = sourcecode.swift; path = NewViewController.swift; sourceTree = "<group>"; };
		DDED97741E7123A100F7F889 /* ZoomingAnimation.app */ = {isa = PBXFileReference; explicitFileType = wrapper.application; includeInIndex = 0; path = ZoomingAnimation.app; sourceTree = BUILT_PRODUCTS_DIR; };
		DDED97771E7123A100F7F889 /* AppDelegate.swift */ = {isa = PBXFileReference; lastKnownFileType = sourcecode.swift; path = AppDelegate.swift; sourceTree = "<group>"; };
		DDED97791E7123A100F7F889 /* ViewController.swift */ = {isa = PBXFileReference; lastKnownFileType = sourcecode.swift; path = ViewController.swift; sourceTree = "<group>"; };
		DDED977C1E7123A100F7F889 /* Base */ = {isa = PBXFileReference; lastKnownFileType = file.storyboard; name = Base; path = Base.lproj/Main.storyboard; sourceTree = "<group>"; };
		DDED977E1E7123A100F7F889 /* Assets.xcassets */ = {isa = PBXFileReference; lastKnownFileType = folder.assetcatalog; path = Assets.xcassets; sourceTree = "<group>"; };
		DDED97811E7123A100F7F889 /* Base */ = {isa = PBXFileReference; lastKnownFileType = file.storyboard; name = Base; path = Base.lproj/LaunchScreen.storyboard; sourceTree = "<group>"; };
		DDED97831E7123A100F7F889 /* Info.plist */ = {isa = PBXFileReference; lastKnownFileType = text.plist.xml; path = Info.plist; sourceTree = "<group>"; };
		DDED97881E7123A100F7F889 /* ZoomingAnimationTests.xctest */ = {isa = PBXFileReference; explicitFileType = wrapper.cfbundle; includeInIndex = 0; path = ZoomingAnimationTests.xctest; sourceTree = BUILT_PRODUCTS_DIR; };
		DDED978C1E7123A100F7F889 /* ZoomingAnimationTests.swift */ = {isa = PBXFileReference; lastKnownFileType = sourcecode.swift; path = ZoomingAnimationTests.swift; sourceTree = "<group>"; };
		DDED978E1E7123A100F7F889 /* Info.plist */ = {isa = PBXFileReference; lastKnownFileType = text.plist.xml; path = Info.plist; sourceTree = "<group>"; };
		DDED97931E7123A100F7F889 /* ZoomingAnimationUITests.xctest */ = {isa = PBXFileReference; explicitFileType = wrapper.cfbundle; includeInIndex = 0; path = ZoomingAnimationUITests.xctest; sourceTree = BUILT_PRODUCTS_DIR; };
		DDED97971E7123A100F7F889 /* ZoomingAnimationUITests.swift */ = {isa = PBXFileReference; lastKnownFileType = sourcecode.swift; path = ZoomingAnimationUITests.swift; sourceTree = "<group>"; };
		DDED97991E7123A100F7F889 /* Info.plist */ = {isa = PBXFileReference; lastKnownFileType = text.plist.xml; path = Info.plist; sourceTree = "<group>"; };
		E03708CF596A45576CD35576 /* Pods-ZoomingAnimation.debug.xcconfig */ = {isa = PBXFileReference; includeInIndex = 1; lastKnownFileType = text.xcconfig; name = "Pods-ZoomingAnimation.debug.xcconfig"; path = "Pods/Target Support Files/Pods-ZoomingAnimation/Pods-ZoomingAnimation.debug.xcconfig"; sourceTree = "<group>"; };
		EDE42D3A0C44B43B8988A81B /* Pods-ZoomingAnimation.release.xcconfig */ = {isa = PBXFileReference; includeInIndex = 1; lastKnownFileType = text.xcconfig; name = "Pods-ZoomingAnimation.release.xcconfig"; path = "Pods/Target Support Files/Pods-ZoomingAnimation/Pods-ZoomingAnimation.release.xcconfig"; sourceTree = "<group>"; };
/* End PBXFileReference section */

/* Begin PBXFrameworksBuildPhase section */
		DDED97711E7123A000F7F889 /* Frameworks */ = {
			isa = PBXFrameworksBuildPhase;
			buildActionMask = 2147483647;
			files = (
			);
			runOnlyForDeploymentPostprocessing = 0;
		};
		DDED97851E7123A100F7F889 /* Frameworks */ = {
			isa = PBXFrameworksBuildPhase;
			buildActionMask = 2147483647;
			files = (
			);
			runOnlyForDeploymentPostprocessing = 0;
		};
		DDED97901E7123A100F7F889 /* Frameworks */ = {
			isa = PBXFrameworksBuildPhase;
			buildActionMask = 2147483647;
			files = (
			);
			runOnlyForDeploymentPostprocessing = 0;
		};
/* End PBXFrameworksBuildPhase section */

/* Begin PBXGroup section */
		0E9A4BFACC8FA6E6305552C4 /* Frameworks */ = {
			isa = PBXGroup;
			children = (
			);
			name = Frameworks;
			sourceTree = "<group>";
		};
		462B4B7A642607B9BDEFA430 /* Pods */ = {
			isa = PBXGroup;
			children = (
				E03708CF596A45576CD35576 /* Pods-ZoomingAnimation.debug.xcconfig */,
				EDE42D3A0C44B43B8988A81B /* Pods-ZoomingAnimation.release.xcconfig */,
				6355EB9552CFDF6E52BB4784 /* Pods-ZoomingAnimationTests.debug.xcconfig */,
				3BB38FF39D2B518CDD5276D2 /* Pods-ZoomingAnimationTests.release.xcconfig */,
				9E2814395502A70EC221BACE /* Pods-ZoomingAnimationUITests.debug.xcconfig */,
				A486F7EDE8C5018A42880655 /* Pods-ZoomingAnimationUITests.release.xcconfig */,
			);
			name = Pods;
			sourceTree = "<group>";
		};
		DD22F9E41E7FDC38004CB5D0 /* customview */ = {
			isa = PBXGroup;
			children = (
				DD22F9E61E7FDC4A004CB5D0 /* productdisplay */,
				DD22F9E51E7FDC42004CB5D0 /* popup */,
			);
			name = customview;
			sourceTree = "<group>";
		};
		DD22F9E51E7FDC42004CB5D0 /* popup */ = {
			isa = PBXGroup;
			children = (
			);
			name = popup;
			sourceTree = "<group>";
		};
		DD22F9E61E7FDC4A004CB5D0 /* productdisplay */ = {
			isa = PBXGroup;
			children = (
			);
			name = productdisplay;
			sourceTree = "<group>";
		};
		DDED976B1E7123A000F7F889 = {
			isa = PBXGroup;
			children = (
				DD22F9E41E7FDC38004CB5D0 /* customview */,
				DDED97761E7123A100F7F889 /* ZoomingAnimation */,
				DDED978B1E7123A100F7F889 /* ZoomingAnimationTests */,
				DDED97961E7123A100F7F889 /* ZoomingAnimationUITests */,
				DDED97751E7123A100F7F889 /* Products */,
				462B4B7A642607B9BDEFA430 /* Pods */,
				0E9A4BFACC8FA6E6305552C4 /* Frameworks */,
			);
			sourceTree = "<group>";
		};
		DDED97751E7123A100F7F889 /* Products */ = {
			isa = PBXGroup;
			children = (
				DDED97741E7123A100F7F889 /* ZoomingAnimation.app */,
				DDED97881E7123A100F7F889 /* ZoomingAnimationTests.xctest */,
				DDED97931E7123A100F7F889 /* ZoomingAnimationUITests.xctest */,
			);
			name = Products;
			sourceTree = "<group>";
		};
		DDED97761E7123A100F7F889 /* ZoomingAnimation */ = {
			isa = PBXGroup;
			children = (
				DDED97771E7123A100F7F889 /* AppDelegate.swift */,
				DDED97791E7123A100F7F889 /* ViewController.swift */,
				DD22F9221E77CF7B004CB5D0 /* TableViewCell.swift */,
				DD22F9DF1E7BF1FD004CB5D0 /* HeaderTableViewCell.swift */,
				DDD29D3C1E71B8050034200B /* NewViewController.swift */,
				DD22F8DB1E76679E004CB5D0 /* ShadowViewController.swift */,
				DDED977B1E7123A100F7F889 /* Main.storyboard */,
				DDED977E1E7123A100F7F889 /* Assets.xcassets */,
				DDED97801E7123A100F7F889 /* LaunchScreen.storyboard */,
				DDED97831E7123A100F7F889 /* Info.plist */,
				DDD29D1C1E715CC80034200B /* ModelClass.swift */,
				DD22F9EA1E815385004CB5D0 /* popup.xib */,
				DD22F9EE1E815A07004CB5D0 /* PopUp.swift */,
				DDB2372F1ED2DADB0054F8ED /* SetJson.swift */,
				DDB237311ED2DAEE0054F8ED /* testViewController.swift */,
			);
			path = ZoomingAnimation;
			sourceTree = "<group>";
		};
		DDED978B1E7123A100F7F889 /* ZoomingAnimationTests */ = {
			isa = PBXGroup;
			children = (
				DDED978C1E7123A100F7F889 /* ZoomingAnimationTests.swift */,
				DDED978E1E7123A100F7F889 /* Info.plist */,
			);
			path = ZoomingAnimationTests;
			sourceTree = "<group>";
		};
		DDED97961E7123A100F7F889 /* ZoomingAnimationUITests */ = {
			isa = PBXGroup;
			children = (
				DDED97971E7123A100F7F889 /* ZoomingAnimationUITests.swift */,
				DDED97991E7123A100F7F889 /* Info.plist */,
			);
			path = ZoomingAnimationUITests;
			sourceTree = "<group>";
		};
/* End PBXGroup section */

/* Begin PBXNativeTarget section */
		DDED97731E7123A000F7F889 /* ZoomingAnimation */ = {
			isa = PBXNativeTarget;
			buildConfigurationList = DDED979C1E7123A100F7F889 /* Build configuration list for PBXNativeTarget "ZoomingAnimation" */;
			buildPhases = (
				50A6AD7F3263A9D803A1204C /* [CP] Check Pods Manifest.lock */,
				DDED97701E7123A000F7F889 /* Sources */,
				DDED97711E7123A000F7F889 /* Frameworks */,
				DDED97721E7123A000F7F889 /* Resources */,
				03F488C7BD4E7DCED6719E25 /* [CP] Embed Pods Frameworks */,
				3AEE5EA8040E4B9BE10C3CBD /* [CP] Copy Pods Resources */,
			);
			buildRules = (
			);
			dependencies = (
			);
			name = ZoomingAnimation;
			productName = ZoomingAnimation;
			productReference = DDED97741E7123A100F7F889 /* ZoomingAnimation.app */;
			productType = "com.apple.product-type.application";
		};
		DDED97871E7123A100F7F889 /* ZoomingAnimationTests */ = {
			isa = PBXNativeTarget;
			buildConfigurationList = DDED979F1E7123A100F7F889 /* Build configuration list for PBXNativeTarget "ZoomingAnimationTests" */;
			buildPhases = (
				93C6421B0E849C2614445C6F /* [CP] Check Pods Manifest.lock */,
				DDED97841E7123A100F7F889 /* Sources */,
				DDED97851E7123A100F7F889 /* Frameworks */,
				DDED97861E7123A100F7F889 /* Resources */,
				64F6F7120454E74AD7CC114A /* [CP] Embed Pods Frameworks */,
				0BFA3D779069AA8F44A5BE88 /* [CP] Copy Pods Resources */,
			);
			buildRules = (
			);
			dependencies = (
				DDED978A1E7123A100F7F889 /* PBXTargetDependency */,
			);
			name = ZoomingAnimationTests;
			productName = ZoomingAnimationTests;
			productReference = DDED97881E7123A100F7F889 /* ZoomingAnimationTests.xctest */;
			productType = "com.apple.product-type.bundle.unit-test";
		};
		DDED97921E7123A100F7F889 /* ZoomingAnimationUITests */ = {
			isa = PBXNativeTarget;
			buildConfigurationList = DDED97A21E7123A100F7F889 /* Build configuration list for PBXNativeTarget "ZoomingAnimationUITests" */;
			buildPhases = (
				8D028B32EB35F1DF4D3EC260 /* [CP] Check Pods Manifest.lock */,
				DDED978F1E7123A100F7F889 /* Sources */,
				DDED97901E7123A100F7F889 /* Frameworks */,
				DDED97911E7123A100F7F889 /* Resources */,
				5C60CB510679BCD6FC066F72 /* [CP] Embed Pods Frameworks */,
				8A7ADBE438CBC4F59B294D36 /* [CP] Copy Pods Resources */,
			);
			buildRules = (
			);
			dependencies = (
				DDED97951E7123A100F7F889 /* PBXTargetDependency */,
			);
			name = ZoomingAnimationUITests;
			productName = ZoomingAnimationUITests;
			productReference = DDED97931E7123A100F7F889 /* ZoomingAnimationUITests.xctest */;
			productType = "com.apple.product-type.bundle.ui-testing";
		};
/* End PBXNativeTarget section */

/* Begin PBXProject section */
		DDED976C1E7123A000F7F889 /* Project object */ = {
			isa = PBXProject;
			attributes = {
				LastSwiftUpdateCheck = 0820;
				LastUpgradeCheck = 0820;
				ORGANIZATIONNAME = "Manoj TR";
				TargetAttributes = {
					DDED97731E7123A000F7F889 = {
						CreatedOnToolsVersion = 8.2.1;
						DevelopmentTeam = A38SX97BYW;
						ProvisioningStyle = Automatic;
					};
					DDED97871E7123A100F7F889 = {
						CreatedOnToolsVersion = 8.2.1;
						ProvisioningStyle = Automatic;
						TestTargetID = DDED97731E7123A000F7F889;
					};
					DDED97921E7123A100F7F889 = {
						CreatedOnToolsVersion = 8.2.1;
						ProvisioningStyle = Automatic;
						TestTargetID = DDED97731E7123A000F7F889;
					};
				};
			};
			buildConfigurationList = DDED976F1E7123A000F7F889 /* Build configuration list for PBXProject "ZoomingAnimation" */;
			compatibilityVersion = "Xcode 3.2";
			developmentRegion = English;
			hasScannedForEncodings = 0;
			knownRegions = (
				en,
				Base,
			);
			mainGroup = DDED976B1E7123A000F7F889;
			productRefGroup = DDED97751E7123A100F7F889 /* Products */;
			projectDirPath = "";
			projectRoot = "";
			targets = (
				DDED97731E7123A000F7F889 /* ZoomingAnimation */,
				DDED97871E7123A100F7F889 /* ZoomingAnimationTests */,
				DDED97921E7123A100F7F889 /* ZoomingAnimationUITests */,
			);
		};
/* End PBXProject section */

/* Begin PBXResourcesBuildPhase section */
		DDED97721E7123A000F7F889 /* Resources */ = {
			isa = PBXResourcesBuildPhase;
			buildActionMask = 2147483647;
			files = (
				DDED97821E7123A100F7F889 /* LaunchScreen.storyboard in Resources */,
				DDED977F1E7123A100F7F889 /* Assets.xcassets in Resources */,
				DD22F9EB1E815385004CB5D0 /* popup.xib in Resources */,
				DDED977D1E7123A100F7F889 /* Main.storyboard in Resources */,
			);
			runOnlyForDeploymentPostprocessing = 0;
		};
		DDED97861E7123A100F7F889 /* Resources */ = {
			isa = PBXResourcesBuildPhase;
			buildActionMask = 2147483647;
			files = (
			);
			runOnlyForDeploymentPostprocessing = 0;
		};
		DDED97911E7123A100F7F889 /* Resources */ = {
			isa = PBXResourcesBuildPhase;
			buildActionMask = 2147483647;
			files = (
			);
			runOnlyForDeploymentPostprocessing = 0;
		};
/* End PBXResourcesBuildPhase section */

/* Begin PBXShellScriptBuildPhase section */
		03F488C7BD4E7DCED6719E25 /* [CP] Embed Pods Frameworks */ = {
			isa = PBXShellScriptBuildPhase;
			buildActionMask = 2147483647;
			files = (
			);
			inputPaths = (
			);
			name = "[CP] Embed Pods Frameworks";
			outputPaths = (
			);
			runOnlyForDeploymentPostprocessing = 0;
			shellPath = /bin/sh;
			shellScript = "\"${SRCROOT}/Pods/Target Support Files/Pods-ZoomingAnimation/Pods-ZoomingAnimation-frameworks.sh\"\n";
			showEnvVarsInLog = 0;
		};
		0BFA3D779069AA8F44A5BE88 /* [CP] Copy Pods Resources */ = {
			isa = PBXShellScriptBuildPhase;
			buildActionMask = 2147483647;
			files = (
			);
			inputPaths = (
			);
			name = "[CP] Copy Pods Resources";
			outputPaths = (
			);
			runOnlyForDeploymentPostprocessing = 0;
			shellPath = /bin/sh;
			shellScript = "\"${SRCROOT}/Pods/Target Support Files/Pods-ZoomingAnimationTests/Pods-ZoomingAnimationTests-resources.sh\"\n";
			showEnvVarsInLog = 0;
		};
		3AEE5EA8040E4B9BE10C3CBD /* [CP] Copy Pods Resources */ = {
			isa = PBXShellScriptBuildPhase;
			buildActionMask = 2147483647;
			files = (
			);
			inputPaths = (
			);
			name = "[CP] Copy Pods Resources";
			outputPaths = (
			);
			runOnlyForDeploymentPostprocessing = 0;
			shellPath = /bin/sh;
			shellScript = "\"${SRCROOT}/Pods/Target Support Files/Pods-ZoomingAnimation/Pods-ZoomingAnimation-resources.sh\"\n";
			showEnvVarsInLog = 0;
		};
		50A6AD7F3263A9D803A1204C /* [CP] Check Pods Manifest.lock */ = {
			isa = PBXShellScriptBuildPhase;
			buildActionMask = 2147483647;
			files = (
			);
			inputPaths = (
			);
			name = "[CP] Check Pods Manifest.lock";
			outputPaths = (
			);
			runOnlyForDeploymentPostprocessing = 0;
			shellPath = /bin/sh;
			shellScript = "diff \"${PODS_ROOT}/../Podfile.lock\" \"${PODS_ROOT}/Manifest.lock\" > /dev/null\nif [ $? != 0 ] ; then\n    # print error to STDERR\n    echo \"error: The sandbox is not in sync with the Podfile.lock. Run 'pod install' or update your CocoaPods installation.\" >&2\n    exit 1\nfi\n";
			showEnvVarsInLog = 0;
		};
		5C60CB510679BCD6FC066F72 /* [CP] Embed Pods Frameworks */ = {
			isa = PBXShellScriptBuildPhase;
			buildActionMask = 2147483647;
			files = (
			);
			inputPaths = (
			);
			name = "[CP] Embed Pods Frameworks";
			outputPaths = (
			);
			runOnlyForDeploymentPostprocessing = 0;
			shellPath = /bin/sh;
			shellScript = "\"${SRCROOT}/Pods/Target Support Files/Pods-ZoomingAnimationUITests/Pods-ZoomingAnimationUITests-frameworks.sh\"\n";
			showEnvVarsInLog = 0;
		};
		64F6F7120454E74AD7CC114A /* [CP] Embed Pods Frameworks */ = {
			isa = PBXShellScriptBuildPhase;
			buildActionMask = 2147483647;
			files = (
			);
			inputPaths = (
			);
			name = "[CP] Embed Pods Frameworks";
			outputPaths = (
			);
			runOnlyForDeploymentPostprocessing = 0;
			shellPath = /bin/sh;
			shellScript = "\"${SRCROOT}/Pods/Target Support Files/Pods-ZoomingAnimationTests/Pods-ZoomingAnimationTests-frameworks.sh\"\n";
			showEnvVarsInLog = 0;
		};
		8A7ADBE438CBC4F59B294D36 /* [CP] Copy Pods Resources */ = {
			isa = PBXShellScriptBuildPhase;
			buildActionMask = 2147483647;
			files = (
			);
			inputPaths = (
			);
			name = "[CP] Copy Pods Resources";
			outputPaths = (
			);
			runOnlyForDeploymentPostprocessing = 0;
			shellPath = /bin/sh;
			shellScript = "\"${SRCROOT}/Pods/Target Support Files/Pods-ZoomingAnimationUITests/Pods-ZoomingAnimationUITests-resources.sh\"\n";
			showEnvVarsInLog = 0;
		};
		8D028B32EB35F1DF4D3EC260 /* [CP] Check Pods Manifest.lock */ = {
			isa = PBXShellScriptBuildPhase;
			buildActionMask = 2147483647;
			files = (
			);
			inputPaths = (
			);
			name = "[CP] Check Pods Manifest.lock";
			outputPaths = (
			);
			runOnlyForDeploymentPostprocessing = 0;
			shellPath = /bin/sh;
			shellScript = "diff \"${PODS_ROOT}/../Podfile.lock\" \"${PODS_ROOT}/Manifest.lock\" > /dev/null\nif [ $? != 0 ] ; then\n    # print error to STDERR\n    echo \"error: The sandbox is not in sync with the Podfile.lock. Run 'pod install' or update your CocoaPods installation.\" >&2\n    exit 1\nfi\n";
			showEnvVarsInLog = 0;
		};
		93C6421B0E849C2614445C6F /* [CP] Check Pods Manifest.lock */ = {
			isa = PBXShellScriptBuildPhase;
			buildActionMask = 2147483647;
			files = (
			);
			inputPaths = (
			);
			name = "[CP] Check Pods Manifest.lock";
			outputPaths = (
			);
			runOnlyForDeploymentPostprocessing = 0;
			shellPath = /bin/sh;
			shellScript = "diff \"${PODS_ROOT}/../Podfile.lock\" \"${PODS_ROOT}/Manifest.lock\" > /dev/null\nif [ $? != 0 ] ; then\n    # print error to STDERR\n    echo \"error: The sandbox is not in sync with the Podfile.lock. Run 'pod install' or update your CocoaPods installation.\" >&2\n    exit 1\nfi\n";
			showEnvVarsInLog = 0;
		};
/* End PBXShellScriptBuildPhase section */

/* Begin PBXSourcesBuildPhase section */
		DDED97701E7123A000F7F889 /* Sources */ = {
			isa = PBXSourcesBuildPhase;
			buildActionMask = 2147483647;
			files = (
				DD22F8DC1E76679E004CB5D0 /* ShadowViewController.swift in Sources */,
				DDED977A1E7123A100F7F889 /* ViewController.swift in Sources */,
				DD22F9EF1E815A07004CB5D0 /* PopUp.swift in Sources */,
				DDB237301ED2DADB0054F8ED /* SetJson.swift in Sources */,
				DDD29D1D1E715CC80034200B /* ModelClass.swift in Sources */,
				DD22F9E01E7BF1FD004CB5D0 /* HeaderTableViewCell.swift in Sources */,
				DD22F9231E77CF7B004CB5D0 /* TableViewCell.swift in Sources */,
				DDED97781E7123A100F7F889 /* AppDelegate.swift in Sources */,
				DDB237321ED2DAEE0054F8ED /* testViewController.swift in Sources */,
				DDD29D3D1E71B8050034200B /* NewViewController.swift in Sources */,
			);
			runOnlyForDeploymentPostprocessing = 0;
		};
		DDED97841E7123A100F7F889 /* Sources */ = {
			isa = PBXSourcesBuildPhase;
			buildActionMask = 2147483647;
			files = (
				DDED978D1E7123A100F7F889 /* ZoomingAnimationTests.swift in Sources */,
			);
			runOnlyForDeploymentPostprocessing = 0;
		};
		DDED978F1E7123A100F7F889 /* Sources */ = {
			isa = PBXSourcesBuildPhase;
			buildActionMask = 2147483647;
			files = (
				DDED97981E7123A100F7F889 /* ZoomingAnimationUITests.swift in Sources */,
			);
			runOnlyForDeploymentPostprocessing = 0;
		};
/* End PBXSourcesBuildPhase section */

/* Begin PBXTargetDependency section */
		DDED978A1E7123A100F7F889 /* PBXTargetDependency */ = {
			isa = PBXTargetDependency;
			target = DDED97731E7123A000F7F889 /* ZoomingAnimation */;
			targetProxy = DDED97891E7123A100F7F889 /* PBXContainerItemProxy */;
		};
		DDED97951E7123A100F7F889 /* PBXTargetDependency */ = {
			isa = PBXTargetDependency;
			target = DDED97731E7123A000F7F889 /* ZoomingAnimation */;
			targetProxy = DDED97941E7123A100F7F889 /* PBXContainerItemProxy */;
		};
/* End PBXTargetDependency section */

/* Begin PBXVariantGroup section */
		DDED977B1E7123A100F7F889 /* Main.storyboard */ = {
			isa = PBXVariantGroup;
			children = (
				DDED977C1E7123A100F7F889 /* Base */,
			);
			name = Main.storyboard;
			sourceTree = "<group>";
		};
		DDED97801E7123A100F7F889 /* LaunchScreen.storyboard */ = {
			isa = PBXVariantGroup;
			children = (
				DDED97811E7123A100F7F889 /* Base */,
			);
			name = LaunchScreen.storyboard;
			sourceTree = "<group>";
		};
/* End PBXVariantGroup section */

/* Begin XCBuildConfiguration section */
		DDED979A1E7123A100F7F889 /* Debug */ = {
			isa = XCBuildConfiguration;
			buildSettings = {
				ALWAYS_SEARCH_USER_PATHS = NO;
				CLANG_ANALYZER_NONNULL = YES;
				CLANG_CXX_LANGUAGE_STANDARD = "gnu++0x";
				CLANG_CXX_LIBRARY = "libc++";
				CLANG_ENABLE_MODULES = YES;
				CLANG_ENABLE_OBJC_ARC = YES;
				CLANG_WARN_BOOL_CONVERSION = YES;
				CLANG_WARN_CONSTANT_CONVERSION = YES;
				CLANG_WARN_DIRECT_OBJC_ISA_USAGE = YES_ERROR;
				CLANG_WARN_DOCUMENTATION_COMMENTS = YES;
				CLANG_WARN_EMPTY_BODY = YES;
				CLANG_WARN_ENUM_CONVERSION = YES;
				CLANG_WARN_INFINITE_RECURSION = YES;
				CLANG_WARN_INT_CONVERSION = YES;
				CLANG_WARN_OBJC_ROOT_CLASS = YES_ERROR;
				CLANG_WARN_SUSPICIOUS_MOVE = YES;
				CLANG_WARN_UNREACHABLE_CODE = YES;
				CLANG_WARN__DUPLICATE_METHOD_MATCH = YES;
				"CODE_SIGN_IDENTITY[sdk=iphoneos*]" = "iPhone Developer";
				COPY_PHASE_STRIP = NO;
				DEBUG_INFORMATION_FORMAT = dwarf;
				ENABLE_STRICT_OBJC_MSGSEND = YES;
				ENABLE_TESTABILITY = YES;
				GCC_C_LANGUAGE_STANDARD = gnu99;
				GCC_DYNAMIC_NO_PIC = NO;
				GCC_NO_COMMON_BLOCKS = YES;
				GCC_OPTIMIZATION_LEVEL = 0;
				GCC_PREPROCESSOR_DEFINITIONS = (
					"DEBUG=1",
					"$(inherited)",
				);
				GCC_WARN_64_TO_32_BIT_CONVERSION = YES;
				GCC_WARN_ABOUT_RETURN_TYPE = YES_ERROR;
				GCC_WARN_UNDECLARED_SELECTOR = YES;
				GCC_WARN_UNINITIALIZED_AUTOS = YES_AGGRESSIVE;
				GCC_WARN_UNUSED_FUNCTION = YES;
				GCC_WARN_UNUSED_VARIABLE = YES;
				IPHONEOS_DEPLOYMENT_TARGET = 10.2;
				MTL_ENABLE_DEBUG_INFO = YES;
				ONLY_ACTIVE_ARCH = YES;
				SDKROOT = iphoneos;
				SWIFT_ACTIVE_COMPILATION_CONDITIONS = DEBUG;
				SWIFT_OPTIMIZATION_LEVEL = "-Onone";
				TARGETED_DEVICE_FAMILY = "1,2";
			};
			name = Debug;
		};
		DDED979B1E7123A100F7F889 /* Release */ = {
			isa = XCBuildConfiguration;
			buildSettings = {
				ALWAYS_SEARCH_USER_PATHS = NO;
				CLANG_ANALYZER_NONNULL = YES;
				CLANG_CXX_LANGUAGE_STANDARD = "gnu++0x";
				CLANG_CXX_LIBRARY = "libc++";
				CLANG_ENABLE_MODULES = YES;
				CLANG_ENABLE_OBJC_ARC = YES;
				CLANG_WARN_BOOL_CONVERSION = YES;
				CLANG_WARN_CONSTANT_CONVERSION = YES;
				CLANG_WARN_DIRECT_OBJC_ISA_USAGE = YES_ERROR;
				CLANG_WARN_DOCUMENTATION_COMMENTS = YES;
				CLANG_WARN_EMPTY_BODY = YES;
				CLANG_WARN_ENUM_CONVERSION = YES;
				CLANG_WARN_INFINITE_RECURSION = YES;
				CLANG_WARN_INT_CONVERSION = YES;
				CLANG_WARN_OBJC_ROOT_CLASS = YES_ERROR;
				CLANG_WARN_SUSPICIOUS_MOVE = YES;
				CLANG_WARN_UNREACHABLE_CODE = YES;
				CLANG_WARN__DUPLICATE_METHOD_MATCH = YES;
				"CODE_SIGN_IDENTITY[sdk=iphoneos*]" = "iPhone Developer";
				COPY_PHASE_STRIP = NO;
				DEBUG_INFORMATION_FORMAT = "dwarf-with-dsym";
				ENABLE_NS_ASSERTIONS = NO;
				ENABLE_STRICT_OBJC_MSGSEND = YES;
				GCC_C_LANGUAGE_STANDARD = gnu99;
				GCC_NO_COMMON_BLOCKS = YES;
				GCC_WARN_64_TO_32_BIT_CONVERSION = YES;
				GCC_WARN_ABOUT_RETURN_TYPE = YES_ERROR;
				GCC_WARN_UNDECLARED_SELECTOR = YES;
				GCC_WARN_UNINITIALIZED_AUTOS = YES_AGGRESSIVE;
				GCC_WARN_UNUSED_FUNCTION = YES;
				GCC_WARN_UNUSED_VARIABLE = YES;
				IPHONEOS_DEPLOYMENT_TARGET = 10.2;
				MTL_ENABLE_DEBUG_INFO = NO;
				SDKROOT = iphoneos;
				SWIFT_OPTIMIZATION_LEVEL = "-Owholemodule";
				TARGETED_DEVICE_FAMILY = "1,2";
				VALIDATE_PRODUCT = YES;
			};
			name = Release;
		};
		DDED979D1E7123A100F7F889 /* Debug */ = {
			isa = XCBuildConfiguration;
			baseConfigurationReference = E03708CF596A45576CD35576 /* Pods-ZoomingAnimation.debug.xcconfig */;
			buildSettings = {
				ASSETCATALOG_COMPILER_APPICON_NAME = AppIcon;
				DEVELOPMENT_TEAM = A38SX97BYW;
				INFOPLIST_FILE = ZoomingAnimation/Info.plist;
				LD_RUNPATH_SEARCH_PATHS = "$(inherited) @executable_path/Frameworks";
				PRODUCT_BUNDLE_IDENTIFIER = "ripl-ricoh.ZoomingAnimation";
				PRODUCT_NAME = "$(TARGET_NAME)";
				SWIFT_VERSION = 3.0;
				TARGETED_DEVICE_FAMILY = "1,2";
			};
			name = Debug;
		};
		DDED979E1E7123A100F7F889 /* Release */ = {
			isa = XCBuildConfiguration;
			baseConfigurationReference = EDE42D3A0C44B43B8988A81B /* Pods-ZoomingAnimation.release.xcconfig */;
			buildSettings = {
				ASSETCATALOG_COMPILER_APPICON_NAME = AppIcon;
				DEVELOPMENT_TEAM = A38SX97BYW;
				INFOPLIST_FILE = ZoomingAnimation/Info.plist;
				LD_RUNPATH_SEARCH_PATHS = "$(inherited) @executable_path/Frameworks";
				PRODUCT_BUNDLE_IDENTIFIER = "ripl-ricoh.ZoomingAnimation";
				PRODUCT_NAME = "$(TARGET_NAME)";
				SWIFT_VERSION = 3.0;
				TARGETED_DEVICE_FAMILY = "1,2";
			};
			name = Release;
		};
		DDED97A01E7123A100F7F889 /* Debug */ = {
			isa = XCBuildConfiguration;
			baseConfigurationReference = 6355EB9552CFDF6E52BB4784 /* Pods-ZoomingAnimationTests.debug.xcconfig */;
			buildSettings = {
				ALWAYS_EMBED_SWIFT_STANDARD_LIBRARIES = YES;
				BUNDLE_LOADER = "$(TEST_HOST)";
				INFOPLIST_FILE = ZoomingAnimationTests/Info.plist;
				LD_RUNPATH_SEARCH_PATHS = "$(inherited) @executable_path/Frameworks @loader_path/Frameworks";
				PRODUCT_BUNDLE_IDENTIFIER = "ripl-ricoh.ZoomingAnimationTests";
				PRODUCT_NAME = "$(TARGET_NAME)";
				SWIFT_VERSION = 3.0;
				TEST_HOST = "$(BUILT_PRODUCTS_DIR)/ZoomingAnimation.app/ZoomingAnimation";
			};
			name = Debug;
		};
		DDED97A11E7123A100F7F889 /* Release */ = {
			isa = XCBuildConfiguration;
			baseConfigurationReference = 3BB38FF39D2B518CDD5276D2 /* Pods-ZoomingAnimationTests.release.xcconfig */;
			buildSettings = {
				ALWAYS_EMBED_SWIFT_STANDARD_LIBRARIES = YES;
				BUNDLE_LOADER = "$(TEST_HOST)";
				INFOPLIST_FILE = ZoomingAnimationTests/Info.plist;
				LD_RUNPATH_SEARCH_PATHS = "$(inherited) @executable_path/Frameworks @loader_path/Frameworks";
				PRODUCT_BUNDLE_IDENTIFIER = "ripl-ricoh.ZoomingAnimationTests";
				PRODUCT_NAME = "$(TARGET_NAME)";
				SWIFT_VERSION = 3.0;
				TEST_HOST = "$(BUILT_PRODUCTS_DIR)/ZoomingAnimation.app/ZoomingAnimation";
			};
			name = Release;
		};
		DDED97A31E7123A100F7F889 /* Debug */ = {
			isa = XCBuildConfiguration;
			baseConfigurationReference = 9E2814395502A70EC221BACE /* Pods-ZoomingAnimationUITests.debug.xcconfig */;
			buildSettings = {
				ALWAYS_EMBED_SWIFT_STANDARD_LIBRARIES = YES;
				INFOPLIST_FILE = ZoomingAnimationUITests/Info.plist;
				LD_RUNPATH_SEARCH_PATHS = "$(inherited) @executable_path/Frameworks @loader_path/Frameworks";
				PRODUCT_BUNDLE_IDENTIFIER = "ripl-ricoh.ZoomingAnimationUITests";
				PRODUCT_NAME = "$(TARGET_NAME)";
				SWIFT_VERSION = 3.0;
				TEST_TARGET_NAME = ZoomingAnimation;
			};
			name = Debug;
		};
		DDED97A41E7123A100F7F889 /* Release */ = {
			isa = XCBuildConfiguration;
			baseConfigurationReference = A486F7EDE8C5018A42880655 /* Pods-ZoomingAnimationUITests.release.xcconfig */;
			buildSettings = {
				ALWAYS_EMBED_SWIFT_STANDARD_LIBRARIES = YES;
				INFOPLIST_FILE = ZoomingAnimationUITests/Info.plist;
				LD_RUNPATH_SEARCH_PATHS = "$(inherited) @executable_path/Frameworks @loader_path/Frameworks";
				PRODUCT_BUNDLE_IDENTIFIER = "ripl-ricoh.ZoomingAnimationUITests";
				PRODUCT_NAME = "$(TARGET_NAME)";
				SWIFT_VERSION = 3.0;
				TEST_TARGET_NAME = ZoomingAnimation;
			};
			name = Release;
		};
/* End XCBuildConfiguration section */

/* Begin XCConfigurationList section */
		DDED976F1E7123A000F7F889 /* Build configuration list for PBXProject "ZoomingAnimation" */ = {
			isa = XCConfigurationList;
			buildConfigurations = (
				DDED979A1E7123A100F7F889 /* Debug */,
				DDED979B1E7123A100F7F889 /* Release */,
			);
			defaultConfigurationIsVisible = 0;
			defaultConfigurationName = Release;
		};
		DDED979C1E7123A100F7F889 /* Build configuration list for PBXNativeTarget "ZoomingAnimation" */ = {
			isa = XCConfigurationList;
			buildConfigurations = (
				DDED979D1E7123A100F7F889 /* Debug */,
				DDED979E1E7123A100F7F889 /* Release */,
			);
			defaultConfigurationIsVisible = 0;
			defaultConfigurationName = Release;
		};
		DDED979F1E7123A100F7F889 /* Build configuration list for PBXNativeTarget "ZoomingAnimationTests" */ = {
			isa = XCConfigurationList;
			buildConfigurations = (
				DDED97A01E7123A100F7F889 /* Debug */,
				DDED97A11E7123A100F7F889 /* Release */,
			);
			defaultConfigurationIsVisible = 0;
			defaultConfigurationName = Release;
		};
		DDED97A21E7123A100F7F889 /* Build configuration list for PBXNativeTarget "ZoomingAnimationUITests" */ = {
			isa = XCConfigurationList;
			buildConfigurations = (
				DDED97A31E7123A100F7F889 /* Debug */,
				DDED97A41E7123A100F7F889 /* Release */,
			);
			defaultConfigurationIsVisible = 0;
			defaultConfigurationName = Release;
		};
/* End XCConfigurationList section */
	};
	rootObject = DDED976C1E7123A000F7F889 /* Project object */;
}
